// !$*UTF8*$!
{
	archiveVersion = 1;
	classes = {
	};
	objectVersion = 56;
	objects = {

/* Begin PBXBuildFile section */
		B00775C6293E7A0600AA183D /* AnimalViewController.swift in Sources */ = {isa = PBXBuildFile; fileRef = B00775C5293E7A0600AA183D /* AnimalViewController.swift */; };
		B068F9B029405D7F00915363 /* Animal.swift in Sources */ = {isa = PBXBuildFile; fileRef = B068F9AF29405D7F00915363 /* Animal.swift */; };
		B0A39A76293D45540075B86F /* AppDelegate.swift in Sources */ = {isa = PBXBuildFile; fileRef = B0A39A75293D45540075B86F /* AppDelegate.swift */; };
		B0A39A78293D45540075B86F /* SceneDelegate.swift in Sources */ = {isa = PBXBuildFile; fileRef = B0A39A77293D45540075B86F /* SceneDelegate.swift */; };
		B0A39A7A293D45540075B86F /* ViewController.swift in Sources */ = {isa = PBXBuildFile; fileRef = B0A39A79293D45540075B86F /* ViewController.swift */; };
		B0A39A7F293D45550075B86F /* Assets.xcassets in Resources */ = {isa = PBXBuildFile; fileRef = B0A39A7E293D45550075B86F /* Assets.xcassets */; };
		B0A39A82293D45550075B86F /* LaunchScreen.storyboard in Resources */ = {isa = PBXBuildFile; fileRef = B0A39A80293D45550075B86F /* LaunchScreen.storyboard */; };
		B0A39A8C293D9F0D0075B86F /* PeopleViewController.swift in Sources */ = {isa = PBXBuildFile; fileRef = B0A39A8B293D9F0D0075B86F /* PeopleViewController.swift */; };
/* End PBXBuildFile section */

/* Begin PBXFileReference section */
		B00775C5293E7A0600AA183D /* AnimalViewController.swift */ = {isa = PBXFileReference; lastKnownFileType = sourcecode.swift; path = AnimalViewController.swift; sourceTree = "<group>"; };
		B068F9AF29405D7F00915363 /* Animal.swift */ = {isa = PBXFileReference; lastKnownFileType = sourcecode.swift; path = Animal.swift; sourceTree = "<group>"; };
		B0A39A72293D45540075B86F /* peekaboo2.app */ = {isa = PBXFileReference; explicitFileType = wrapper.application; includeInIndex = 0; path = peekaboo2.app; sourceTree = BUILT_PRODUCTS_DIR; };
		B0A39A75293D45540075B86F /* AppDelegate.swift */ = {isa = PBXFileReference; lastKnownFileType = sourcecode.swift; path = AppDelegate.swift; sourceTree = "<group>"; };
		B0A39A77293D45540075B86F /* SceneDelegate.swift */ = {isa = PBXFileReference; lastKnownFileType = sourcecode.swift; path = SceneDelegate.swift; sourceTree = "<group>"; };
		B0A39A79293D45540075B86F /* ViewController.swift */ = {isa = PBXFileReference; lastKnownFileType = sourcecode.swift; path = ViewController.swift; sourceTree = "<group>"; };
		B0A39A7E293D45550075B86F /* Assets.xcassets */ = {isa = PBXFileReference; lastKnownFileType = folder.assetcatalog; path = Assets.xcassets; sourceTree = "<group>"; };
		B0A39A81293D45550075B86F /* Base */ = {isa = PBXFileReference; lastKnownFileType = file.storyboard; name = Base; path = Base.lproj/LaunchScreen.storyboard; sourceTree = "<group>"; };
		B0A39A83293D45550075B86F /* Info.plist */ = {isa = PBXFileReference; lastKnownFileType = text.plist.xml; path = Info.plist; sourceTree = "<group>"; };
		B0A39A8B293D9F0D0075B86F /* PeopleViewController.swift */ = {isa = PBXFileReference; lastKnownFileType = sourcecode.swift; path = PeopleViewController.swift; sourceTree = "<group>"; };
/* End PBXFileReference section */

/* Begin PBXFrameworksBuildPhase section */
		B0A39A6F293D45540075B86F /* Frameworks */ = {
			isa = PBXFrameworksBuildPhase;
			buildActionMask = 2147483647;
			files = (
			);
			runOnlyForDeploymentPostprocessing = 0;
		};
/* End PBXFrameworksBuildPhase section */

/* Begin PBXGroup section */
		B068F9AB29405D3600915363 /* Animal */ = {
			isa = PBXGroup;
			children = (
				B068F9AC29405D3E00915363 /* Model */,
				B068F9AD29405D4400915363 /* View */,
				B068F9AE29405D4800915363 /* Controller */,
			);
			path = Animal;
			sourceTree = "<group>";
		};
		B068F9AC29405D3E00915363 /* Model */ = {
			isa = PBXGroup;
			children = (
				B068F9AF29405D7F00915363 /* Animal.swift */,
			);
			path = Model;
			sourceTree = "<group>";
		};
		B068F9AD29405D4400915363 /* View */ = {
			isa = PBXGroup;
			children = (
			);
			path = View;
			sourceTree = "<group>";
		};
		B068F9AE29405D4800915363 /* Controller */ = {
			isa = PBXGroup;
			children = (
				B00775C5293E7A0600AA183D /* AnimalViewController.swift */,
			);
			path = Controller;
			sourceTree = "<group>";
		};
		B068F9B12941302A00915363 /* People */ = {
			isa = PBXGroup;
			children = (
				B068F9B22941303100915363 /* Model */,
				B068F9B52941307300915363 /* View */,
				B068F9B42941305100915363 /* Controller */,
			);
			path = People;
			sourceTree = "<group>";
		};
		B068F9B22941303100915363 /* Model */ = {
			isa = PBXGroup;
			children = (
			);
			path = Model;
			sourceTree = "<group>";
		};
		B068F9B42941305100915363 /* Controller */ = {
			isa = PBXGroup;
			children = (
				B0A39A8B293D9F0D0075B86F /* PeopleViewController.swift */,
			);
			path = Controller;
			sourceTree = "<group>";
		};
		B068F9B52941307300915363 /* View */ = {
			isa = PBXGroup;
			children = (
			);
			path = View;
			sourceTree = "<group>";
		};
		B0A39A69293D45540075B86F = {
			isa = PBXGroup;
			children = (
				B0A39A74293D45540075B86F /* peekaboo2 */,
				B0A39A73293D45540075B86F /* Products */,
			);
			sourceTree = "<group>";
		};
		B0A39A73293D45540075B86F /* Products */ = {
			isa = PBXGroup;
			children = (
				B0A39A72293D45540075B86F /* peekaboo2.app */,
			);
			name = Products;
			sourceTree = "<group>";
		};
		B0A39A74293D45540075B86F /* peekaboo2 */ = {
			isa = PBXGroup;
			children = (
				B0A39A75293D45540075B86F /* AppDelegate.swift */,
				B0A39A77293D45540075B86F /* SceneDelegate.swift */,
				B0A39A79293D45540075B86F /* ViewController.swift */,
				B068F9B12941302A00915363 /* People */,
				B068F9AB29405D3600915363 /* Animal */,
				B0A39A7E293D45550075B86F /* Assets.xcassets */,
				B0A39A80293D45550075B86F /* LaunchScreen.storyboard */,
				B0A39A83293D45550075B86F /* Info.plist */,
			);
			path = peekaboo2;
			sourceTree = "<group>";
		};
/* End PBXGroup section */

/* Begin PBXNativeTarget section */
		B0A39A71293D45540075B86F /* peekaboo2 */ = {
			isa = PBXNativeTarget;
			buildConfigurationList = B0A39A86293D45550075B86F /* Build configuration list for PBXNativeTarget "peekaboo2" */;
			buildPhases = (
				B0A39A6E293D45540075B86F /* Sources */,
				B0A39A6F293D45540075B86F /* Frameworks */,
				B0A39A70293D45540075B86F /* Resources */,
			);
			buildRules = (
			);
			dependencies = (
			);
			name = peekaboo2;
			productName = peekaboo2;
			productReference = B0A39A72293D45540075B86F /* peekaboo2.app */;
			productType = "com.apple.product-type.application";
		};
/* End PBXNativeTarget section */

/* Begin PBXProject section */
		B0A39A6A293D45540075B86F /* Project object */ = {
			isa = PBXProject;
			attributes = {
				BuildIndependentTargetsInParallel = 1;
				LastSwiftUpdateCheck = 1410;
				LastUpgradeCheck = 1410;
				TargetAttributes = {
					B0A39A71293D45540075B86F = {
						CreatedOnToolsVersion = 14.1;
					};
				};
			};
			buildConfigurationList = B0A39A6D293D45540075B86F /* Build configuration list for PBXProject "peekaboo2" */;
			compatibilityVersion = "Xcode 14.0";
			developmentRegion = en;
			hasScannedForEncodings = 0;
			knownRegions = (
				en,
				Base,
			);
			mainGroup = B0A39A69293D45540075B86F;
			productRefGroup = B0A39A73293D45540075B86F /* Products */;
			projectDirPath = "";
			projectRoot = "";
			targets = (
				B0A39A71293D45540075B86F /* peekaboo2 */,
			);
		};
/* End PBXProject section */

/* Begin PBXResourcesBuildPhase section */
		B0A39A70293D45540075B86F /* Resources */ = {
			isa = PBXResourcesBuildPhase;
			buildActionMask = 2147483647;
			files = (
				B0A39A82293D45550075B86F /* LaunchScreen.storyboard in Resources */,
				B0A39A7F293D45550075B86F /* Assets.xcassets in Resources */,
			);
			runOnlyForDeploymentPostprocessing = 0;
		};
/* End PBXResourcesBuildPhase section */

/* Begin PBXSourcesBuildPhase section */
		B0A39A6E293D45540075B86F /* Sources */ = {
			isa = PBXSourcesBuildPhase;
			buildActionMask = 2147483647;
			files = (
				B0A39A7A293D45540075B86F /* ViewController.swift in Sources */,
				B00775C6293E7A0600AA183D /* AnimalViewController.swift in Sources */,
				B0A39A8C293D9F0D0075B86F /* PeopleViewController.swift in Sources */,
				B0A39A76293D45540075B86F /* AppDelegate.swift in Sources */,
				B0A39A78293D45540075B86F /* SceneDelegate.swift in Sources */,
				B068F9B029405D7F00915363 /* Animal.swift in Sources */,
			);
			runOnlyForDeploymentPostprocessing = 0;
		};
/* End PBXSourcesBuildPhase section */

/* Begin PBXVariantGroup section */
		B0A39A80293D45550075B86F /* LaunchScreen.storyboard */ = {
			isa = PBXVariantGroup;
			children = (
				B0A39A81293D45550075B86F /* Base */,
			);
			name = LaunchScreen.storyboard;
			sourceTree = "<group>";
		};
/* End PBXVariantGroup section */

/* Begin XCBuildConfiguration section */
		B0A39A84293D45550075B86F /* Debug */ = {
			isa = XCBuildConfiguration;
			buildSettings = {
				ALWAYS_SEARCH_USER_PATHS = NO;
				CLANG_ANALYZER_NONNULL = YES;
				CLANG_ANALYZER_NUMBER_OBJECT_CONVERSION = YES_AGGRESSIVE;
				CLANG_CXX_LANGUAGE_STANDARD = "gnu++20";
				CLANG_ENABLE_MODULES = YES;
				CLANG_ENABLE_OBJC_ARC = YES;
				CLANG_ENABLE_OBJC_WEAK = YES;
				CLANG_WARN_BLOCK_CAPTURE_AUTORELEASING = YES;
				CLANG_WARN_BOOL_CONVERSION = YES;
				CLANG_WARN_COMMA = YES;
				CLANG_WARN_CONSTANT_CONVERSION = YES;
				CLANG_WARN_DEPRECATED_OBJC_IMPLEMENTATIONS = YES;
				CLANG_WARN_DIRECT_OBJC_ISA_USAGE = YES_ERROR;
				CLANG_WARN_DOCUMENTATION_COMMENTS = YES;
				CLANG_WARN_EMPTY_BODY = YES;
				CLANG_WARN_ENUM_CONVERSION = YES;
				CLANG_WARN_INFINITE_RECURSION = YES;
				CLANG_WARN_INT_CONVERSION = YES;
				CLANG_WARN_NON_LITERAL_NULL_CONVERSION = YES;
				CLANG_WARN_OBJC_IMPLICIT_RETAIN_SELF = YES;
				CLANG_WARN_OBJC_LITERAL_CONVERSION = YES;
				CLANG_WARN_OBJC_ROOT_CLASS = YES_ERROR;
				CLANG_WARN_QUOTED_INCLUDE_IN_FRAMEWORK_HEADER = YES;
				CLANG_WARN_RANGE_LOOP_ANALYSIS = YES;
				CLANG_WARN_STRICT_PROTOTYPES = YES;
				CLANG_WARN_SUSPICIOUS_MOVE = YES;
				CLANG_WARN_UNGUARDED_AVAILABILITY = YES_AGGRESSIVE;
				CLANG_WARN_UNREACHABLE_CODE = YES;
				CLANG_WARN__DUPLICATE_METHOD_MATCH = YES;
				COPY_PHASE_STRIP = NO;
				DEBUG_INFORMATION_FORMAT = dwarf;
				ENABLE_STRICT_OBJC_MSGSEND = YES;
				ENABLE_TESTABILITY = YES;
				GCC_C_LANGUAGE_STANDARD = gnu11;
				GCC_DYNAMIC_NO_PIC = NO;
				GCC_NO_COMMON_BLOCKS = YES;
				GCC_OPTIMIZATION_LEVEL = 0;
				GCC_PREPROCESSOR_DEFINITIONS = (
					"DEBUG=1",
					"$(inherited)",
				);
				GCC_WARN_64_TO_32_BIT_CONVERSION = YES;
				GCC_WARN_ABOUT_RETURN_TYPE = YES_ERROR;
				GCC_WARN_UNDECLARED_SELECTOR = YES;
				GCC_WARN_UNINITIALIZED_AUTOS = YES_AGGRESSIVE;
				GCC_WARN_UNUSED_FUNCTION = YES;
				GCC_WARN_UNUSED_VARIABLE = YES;
				IPHONEOS_DEPLOYMENT_TARGET = 16.1;
				MTL_ENABLE_DEBUG_INFO = INCLUDE_SOURCE;
				MTL_FAST_MATH = YES;
				ONLY_ACTIVE_ARCH = YES;
				SDKROOT = iphoneos;
				SWIFT_ACTIVE_COMPILATION_CONDITIONS = DEBUG;
				SWIFT_OPTIMIZATION_LEVEL = "-Onone";
			};
			name = Debug;
		};
		B0A39A85293D45550075B86F /* Release */ = {
			isa = XCBuildConfiguration;
			buildSettings = {
				ALWAYS_SEARCH_USER_PATHS = NO;
				CLANG_ANALYZER_NONNULL = YES;
				CLANG_ANALYZER_NUMBER_OBJECT_CONVERSION = YES_AGGRESSIVE;
				CLANG_CXX_LANGUAGE_STANDARD = "gnu++20";
				CLANG_ENABLE_MODULES = YES;
				CLANG_ENABLE_OBJC_ARC = YES;
				CLANG_ENABLE_OBJC_WEAK = YES;
				CLANG_WARN_BLOCK_CAPTURE_AUTORELEASING = YES;
				CLANG_WARN_BOOL_CONVERSION = YES;
				CLANG_WARN_COMMA = YES;
				CLANG_WARN_CONSTANT_CONVERSION = YES;
				CLANG_WARN_DEPRECATED_OBJC_IMPLEMENTATIONS = YES;
				CLANG_WARN_DIRECT_OBJC_ISA_USAGE = YES_ERROR;
				CLANG_WARN_DOCUMENTATION_COMMENTS = YES;
				CLANG_WARN_EMPTY_BODY = YES;
				CLANG_WARN_ENUM_CONVERSION = YES;
				CLANG_WARN_INFINITE_RECURSION = YES;
				CLANG_WARN_INT_CONVERSION = YES;
				CLANG_WARN_NON_LITERAL_NULL_CONVERSION = YES;
				CLANG_WARN_OBJC_IMPLICIT_RETAIN_SELF = YES;
				CLANG_WARN_OBJC_LITERAL_CONVERSION = YES;
				CLANG_WARN_OBJC_ROOT_CLASS = YES_ERROR;
				CLANG_WARN_QUOTED_INCLUDE_IN_FRAMEWORK_HEADER = YES;
				CLANG_WARN_RANGE_LOOP_ANALYSIS = YES;
				CLANG_WARN_STRICT_PROTOTYPES = YES;
				CLANG_WARN_SUSPICIOUS_MOVE = YES;
				CLANG_WARN_UNGUARDED_AVAILABILITY = YES_AGGRESSIVE;
				CLANG_WARN_UNREACHABLE_CODE = YES;
				CLANG_WARN__DUPLICATE_METHOD_MATCH = YES;
				COPY_PHASE_STRIP = NO;
				DEBUG_INFORMATION_FORMAT = "dwarf-with-dsym";
				ENABLE_NS_ASSERTIONS = NO;
				ENABLE_STRICT_OBJC_MSGSEND = YES;
				GCC_C_LANGUAGE_STANDARD = gnu11;
				GCC_NO_COMMON_BLOCKS = YES;
				GCC_WARN_64_TO_32_BIT_CONVERSION = YES;
				GCC_WARN_ABOUT_RETURN_TYPE = YES_ERROR;
				GCC_WARN_UNDECLARED_SELECTOR = YES;
				GCC_WARN_UNINITIALIZED_AUTOS = YES_AGGRESSIVE;
				GCC_WARN_UNUSED_FUNCTION = YES;
				GCC_WARN_UNUSED_VARIABLE = YES;
				IPHONEOS_DEPLOYMENT_TARGET = 16.1;
				MTL_ENABLE_DEBUG_INFO = NO;
				MTL_FAST_MATH = YES;
				SDKROOT = iphoneos;
				SWIFT_COMPILATION_MODE = wholemodule;
				SWIFT_OPTIMIZATION_LEVEL = "-O";
				VALIDATE_PRODUCT = YES;
			};
			name = Release;
		};
		B0A39A87293D45550075B86F /* Debug */ = {
			isa = XCBuildConfiguration;
			buildSettings = {
				ASSETCATALOG_COMPILER_APPICON_NAME = AppIcon;
				ASSETCATALOG_COMPILER_GLOBAL_ACCENT_COLOR_NAME = AccentColor;
				CODE_SIGN_STYLE = Automatic;
				CURRENT_PROJECT_VERSION = 1;
				DEVELOPMENT_TEAM = MAKTT332B3;
				GENERATE_INFOPLIST_FILE = YES;
				INFOPLIST_FILE = peekaboo2/Info.plist;
				INFOPLIST_KEY_UIApplicationSupportsIndirectInputEvents = YES;
				INFOPLIST_KEY_UILaunchStoryboardName = LaunchScreen;
				INFOPLIST_KEY_UISupportedInterfaceOrientations_iPad = "UIInterfaceOrientationPortrait UIInterfaceOrientationPortraitUpsideDown UIInterfaceOrientationLandscapeLeft UIInterfaceOrientationLandscapeRight";
				INFOPLIST_KEY_UISupportedInterfaceOrientations_iPhone = "UIInterfaceOrientationPortrait UIInterfaceOrientationLandscapeLeft UIInterfaceOrientationLandscapeRight";
				LD_RUNPATH_SEARCH_PATHS = (
					"$(inherited)",
					"@executable_path/Frameworks",
				);
				MARKETING_VERSION = 1.0;
				PRODUCT_BUNDLE_IDENTIFIER = com.suziebytes.peekaboo2;
				PRODUCT_NAME = "$(TARGET_NAME)";
				SWIFT_EMIT_LOC_STRINGS = YES;
				SWIFT_VERSION = 5.0;
				TARGETED_DEVICE_FAMILY = "1,2";
			};
			name = Debug;
		};
		B0A39A88293D45550075B86F /* Release */ = {
			isa = XCBuildConfiguration;
			buildSettings = {
				ASSETCATALOG_COMPILER_APPICON_NAME = AppIcon;
				ASSETCATALOG_COMPILER_GLOBAL_ACCENT_COLOR_NAME = AccentColor;
				CODE_SIGN_STYLE = Automatic;
				CURRENT_PROJECT_VERSION = 1;
				DEVELOPMENT_TEAM = MAKTT332B3;
				GENERATE_INFOPLIST_FILE = YES;
				INFOPLIST_FILE = peekaboo2/Info.plist;
				INFOPLIST_KEY_UIApplicationSupportsIndirectInputEvents = YES;
				INFOPLIST_KEY_UILaunchStoryboardName = LaunchScreen;
				INFOPLIST_KEY_UISupportedInterfaceOrientations_iPad = "UIInterfaceOrientationPortrait UIInterfaceOrientationPortraitUpsideDown UIInterfaceOrientationLandscapeLeft UIInterfaceOrientationLandscapeRight";
				INFOPLIST_KEY_UISupportedInterfaceOrientations_iPhone = "UIInterfaceOrientationPortrait UIInterfaceOrientationLandscapeLeft UIInterfaceOrientationLandscapeRight";
				LD_RUNPATH_SEARCH_PATHS = (
					"$(inherited)",
					"@executable_path/Frameworks",
				);
				MARKETING_VERSION = 1.0;
				PRODUCT_BUNDLE_IDENTIFIER = com.suziebytes.peekaboo2;
				PRODUCT_NAME = "$(TARGET_NAME)";
				SWIFT_EMIT_LOC_STRINGS = YES;
				SWIFT_VERSION = 5.0;
				TARGETED_DEVICE_FAMILY = "1,2";
			};
			name = Release;
		};
/* End XCBuildConfiguration section */

/* Begin XCConfigurationList section */
		B0A39A6D293D45540075B86F /* Build configuration list for PBXProject "peekaboo2" */ = {
			isa = XCConfigurationList;
			buildConfigurations = (
				B0A39A84293D45550075B86F /* Debug */,
				B0A39A85293D45550075B86F /* Release */,
			);
			defaultConfigurationIsVisible = 0;
			defaultConfigurationName = Release;
		};
		B0A39A86293D45550075B86F /* Build configuration list for PBXNativeTarget "peekaboo2" */ = {
			isa = XCConfigurationList;
			buildConfigurations = (
				B0A39A87293D45550075B86F /* Debug */,
				B0A39A88293D45550075B86F /* Release */,
			);
			defaultConfigurationIsVisible = 0;
			defaultConfigurationName = Release;
		};
/* End XCConfigurationList section */
	};
	rootObject = B0A39A6A293D45540075B86F /* Project object */;
}
